
Microsoft Visual Studio Solution File, Format Version 12.00
# Visual Studio 15
VisualStudioVersion = 15.0.28306.52
MinimumVisualStudioVersion = 10.0.40219.1
Project("{FAE04EC0-301F-11D3-BF4B-00C04F79EFBC}") = "simpleCalculator", "simpleCalculator\simpleCalculator.csproj", "{F8E0B9A6-E635-4ED2-A5FF-9F8E82F72474}"
EndProject
Project("{FAE04EC0-301F-11D3-BF4B-00C04F79EFBC}") = "Calculator.Test.Unit", "Calculator.Test.Unit\Calculator.Test.Unit.csproj", "{9F5554CB-47B7-43D8-BE7A-DA0BC25C05DE}"
EndProject
Global
	GlobalSection(SolutionConfigurationPlatforms) = preSolution
		Debug|Any CPU = Debug|Any CPU
		Release|Any CPU = Release|Any CPU
	EndGlobalSection
	GlobalSection(ProjectConfigurationPlatforms) = postSolution
		{F8E0B9A6-E635-4ED2-A5FF-9F8E82F72474}.Debug|Any CPU.ActiveCfg = Debug|Any CPU
		{F8E0B9A6-E635-4ED2-A5FF-9F8E82F72474}.Debug|Any CPU.Build.0 = Debug|Any CPU
		{F8E0B9A6-E635-4ED2-A5FF-9F8E82F72474}.Release|Any CPU.ActiveCfg = Release|Any CPU
		{F8E0B9A6-E635-4ED2-A5FF-9F8E82F72474}.Release|Any CPU.Build.0 = Release|Any CPU
		{9F5554CB-47B7-43D8-BE7A-DA0BC25C05DE}.Debug|Any CPU.ActiveCfg = Debug|Any CPU
		{9F5554CB-47B7-43D8-BE7A-DA0BC25C05DE}.Debug|Any CPU.Build.0 = Debug|Any CPU
		{9F5554CB-47B7-43D8-BE7A-DA0BC25C05DE}.Release|Any CPU.ActiveCfg = Release|Any CPU
		{9F5554CB-47B7-43D8-BE7A-DA0BC25C05DE}.Release|Any CPU.Build.0 = Release|Any CPU
	EndGlobalSection
	GlobalSection(SolutionProperties) = preSolution
		HideSolutionNode = FALSE
	EndGlobalSection
	GlobalSection(ExtensibilityGlobals) = postSolution
		SolutionGuid = {8303BB01-6992-410A-9ADB-F01734485951}
	EndGlobalSection
EndGlobal
